PODS:
  - MBProgressHUD (1.1.0)
  - Nimble (8.0.1)
  - NodeExtension (0.3.1):
    - NodeExtension/Default (= 0.3.1)
  - NodeExtension/Default (0.3.1):
    - NodeExtension/HUD
    - NodeExtension/Node
    - NodeExtension/UIKit
  - NodeExtension/HUD (0.3.1):
    - MBProgressHUD (~> 1.1)
    - NodeExtension/UIKit
  - NodeExtension/Node (0.3.1):
    - NodeExtension/UIKit
    - Texture/Core (~> 2.8)
  - NodeExtension/UIKit (0.3.1)
  - Quick (2.1.0)
  - Texture/Core (2.8.1)

DEPENDENCIES:
  - Nimble
  - NodeExtension (from `../`)
  - Quick

SPEC REPOS:
  https://github.com/cocoapods/specs.git:
    - MBProgressHUD
    - Nimble
    - Quick
    - Texture

EXTERNAL SOURCES:
  NodeExtension:
    :path: "../"

SPEC CHECKSUMS:
  MBProgressHUD: e7baa36a220447d8aeb12769bf0585582f3866d9
  Nimble: 45f786ae66faa9a709624227fae502db55a8bdd0
  NodeExtension: f59d98c9ef67124035d8104277fd2e8c65a82e83
  Quick: 4be43f6634acfa727dd106bdf3929ce125ffa79d
  Texture: 8ecf6984065a1e54f06bf97b349ecca28582acd7

PODFILE CHECKSUM: 2e947f989b2247df5d1ef9c78a0827a8e403e7f9

COCOAPODS: 1.6.1
